// !$*UTF8*$!
{
	archiveVersion = 1;
	classes = {
	};
	objectVersion = 46;
	objects = {

/* Begin PBXBuildFile section */
		FA054BBA1B53F9730001CB38 /* AppDelegate.swift in Sources */ = {isa = PBXBuildFile; fileRef = FA054BB91B53F9730001CB38 /* AppDelegate.swift */; };
		FA054BBC1B53F9730001CB38 /* QuizzViewController.swift in Sources */ = {isa = PBXBuildFile; fileRef = FA054BBB1B53F9730001CB38 /* QuizzViewController.swift */; };
		FA054BC11B53F9730001CB38 /* Images.xcassets in Resources */ = {isa = PBXBuildFile; fileRef = FA054BC01B53F9730001CB38 /* Images.xcassets */; };
		FA054BC41B53F9730001CB38 /* LaunchScreen.xib in Resources */ = {isa = PBXBuildFile; fileRef = FA054BC21B53F9730001CB38 /* LaunchScreen.xib */; };
		FA054BD01B53F9740001CB38 /* QuizzTests.swift in Sources */ = {isa = PBXBuildFile; fileRef = FA054BCF1B53F9740001CB38 /* QuizzTests.swift */; };
		FA52FEF51B55465900A1DA00 /* QuizzViewController.xib in Resources */ = {isa = PBXBuildFile; fileRef = FA52FEF41B55465900A1DA00 /* QuizzViewController.xib */; };
/* End PBXBuildFile section */

/* Begin PBXContainerItemProxy section */
		FA054BCA1B53F9740001CB38 /* PBXContainerItemProxy */ = {
			isa = PBXContainerItemProxy;
			containerPortal = FA054BAC1B53F9730001CB38 /* Project object */;
			proxyType = 1;
			remoteGlobalIDString = FA054BB31B53F9730001CB38;
			remoteInfo = Quizz;
		};
/* End PBXContainerItemProxy section */

/* Begin PBXFileReference section */
		FA054BB41B53F9730001CB38 /* Quizz.app */ = {isa = PBXFileReference; explicitFileType = wrapper.application; includeInIndex = 0; path = Quizz.app; sourceTree = BUILT_PRODUCTS_DIR; };
		FA054BB81B53F9730001CB38 /* Info.plist */ = {isa = PBXFileReference; lastKnownFileType = text.plist.xml; path = Info.plist; sourceTree = "<group>"; };
		FA054BB91B53F9730001CB38 /* AppDelegate.swift */ = {isa = PBXFileReference; lastKnownFileType = sourcecode.swift; path = AppDelegate.swift; sourceTree = "<group>"; };
		FA054BBB1B53F9730001CB38 /* QuizzViewController.swift */ = {isa = PBXFileReference; lastKnownFileType = sourcecode.swift; path = QuizzViewController.swift; sourceTree = "<group>"; };
		FA054BC01B53F9730001CB38 /* Images.xcassets */ = {isa = PBXFileReference; lastKnownFileType = folder.assetcatalog; path = Images.xcassets; sourceTree = "<group>"; };
		FA054BC31B53F9730001CB38 /* Base */ = {isa = PBXFileReference; lastKnownFileType = file.xib; name = Base; path = Base.lproj/LaunchScreen.xib; sourceTree = "<group>"; };
		FA054BC91B53F9740001CB38 /* QuizzTests.xctest */ = {isa = PBXFileReference; explicitFileType = wrapper.cfbundle; includeInIndex = 0; path = QuizzTests.xctest; sourceTree = BUILT_PRODUCTS_DIR; };
		FA054BCE1B53F9740001CB38 /* Info.plist */ = {isa = PBXFileReference; lastKnownFileType = text.plist.xml; path = Info.plist; sourceTree = "<group>"; };
		FA054BCF1B53F9740001CB38 /* QuizzTests.swift */ = {isa = PBXFileReference; lastKnownFileType = sourcecode.swift; path = QuizzTests.swift; sourceTree = "<group>"; };
		FA52FEF41B55465900A1DA00 /* QuizzViewController.xib */ = {isa = PBXFileReference; fileEncoding = 4; lastKnownFileType = file.xib; path = QuizzViewController.xib; sourceTree = "<group>"; };
/* End PBXFileReference section */

/* Begin PBXFrameworksBuildPhase section */
		FA054BB11B53F9730001CB38 /* Frameworks */ = {
			isa = PBXFrameworksBuildPhase;
			buildActionMask = 2147483647;
			files = (
			);
			runOnlyForDeploymentPostprocessing = 0;
		};
		FA054BC61B53F9740001CB38 /* Frameworks */ = {
			isa = PBXFrameworksBuildPhase;
			buildActionMask = 2147483647;
			files = (
			);
			runOnlyForDeploymentPostprocessing = 0;
		};
/* End PBXFrameworksBuildPhase section */

/* Begin PBXGroup section */
		FA054BAB1B53F9730001CB38 = {
			isa = PBXGroup;
			children = (
				FA054BB61B53F9730001CB38 /* Quizz */,
				FA054BCC1B53F9740001CB38 /* QuizzTests */,
				FA054BB51B53F9730001CB38 /* Products */,
			);
			sourceTree = "<group>";
		};
		FA054BB51B53F9730001CB38 /* Products */ = {
			isa = PBXGroup;
			children = (
				FA054BB41B53F9730001CB38 /* Quizz.app */,
				FA054BC91B53F9740001CB38 /* QuizzTests.xctest */,
			);
			name = Products;
			sourceTree = "<group>";
		};
		FA054BB61B53F9730001CB38 /* Quizz */ = {
			isa = PBXGroup;
			children = (
				FA054BB91B53F9730001CB38 /* AppDelegate.swift */,
				FA054BBB1B53F9730001CB38 /* QuizzViewController.swift */,
				FA52FEF41B55465900A1DA00 /* QuizzViewController.xib */,
				FA054BC01B53F9730001CB38 /* Images.xcassets */,
				FA054BC21B53F9730001CB38 /* LaunchScreen.xib */,
				FA054BB71B53F9730001CB38 /* Supporting Files */,
			);
			path = Quizz;
			sourceTree = "<group>";
		};
		FA054BB71B53F9730001CB38 /* Supporting Files */ = {
			isa = PBXGroup;
			children = (
				FA054BB81B53F9730001CB38 /* Info.plist */,
			);
			name = "Supporting Files";
			sourceTree = "<group>";
		};
		FA054BCC1B53F9740001CB38 /* QuizzTests */ = {
			isa = PBXGroup;
			children = (
				FA054BCF1B53F9740001CB38 /* QuizzTests.swift */,
				FA054BCD1B53F9740001CB38 /* Supporting Files */,
			);
			path = QuizzTests;
			sourceTree = "<group>";
		};
		FA054BCD1B53F9740001CB38 /* Supporting Files */ = {
			isa = PBXGroup;
			children = (
				FA054BCE1B53F9740001CB38 /* Info.plist */,
			);
			name = "Supporting Files";
			sourceTree = "<group>";
		};
/* End PBXGroup section */

/* Begin PBXNativeTarget section */
		FA054BB31B53F9730001CB38 /* Quizz */ = {
			isa = PBXNativeTarget;
			buildConfigurationList = FA054BD31B53F9740001CB38 /* Build configuration list for PBXNativeTarget "Quizz" */;
			buildPhases = (
				FA054BB01B53F9730001CB38 /* Sources */,
				FA054BB11B53F9730001CB38 /* Frameworks */,
				FA054BB21B53F9730001CB38 /* Resources */,
			);
			buildRules = (
			);
			dependencies = (
			);
			name = Quizz;
			productName = Quizz;
			productReference = FA054BB41B53F9730001CB38 /* Quizz.app */;
			productType = "com.apple.product-type.application";
		};
		FA054BC81B53F9740001CB38 /* QuizzTests */ = {
			isa = PBXNativeTarget;
			buildConfigurationList = FA054BD61B53F9740001CB38 /* Build configuration list for PBXNativeTarget "QuizzTests" */;
			buildPhases = (
				FA054BC51B53F9740001CB38 /* Sources */,
				FA054BC61B53F9740001CB38 /* Frameworks */,
				FA054BC71B53F9740001CB38 /* Resources */,
			);
			buildRules = (
			);
			dependencies = (
				FA054BCB1B53F9740001CB38 /* PBXTargetDependency */,
			);
			name = QuizzTests;
			productName = QuizzTests;
			productReference = FA054BC91B53F9740001CB38 /* QuizzTests.xctest */;
			productType = "com.apple.product-type.bundle.unit-test";
		};
/* End PBXNativeTarget section */

/* Begin PBXProject section */
		FA054BAC1B53F9730001CB38 /* Project object */ = {
			isa = PBXProject;
			attributes = {
				LastSwiftMigration = 0730;
				LastSwiftUpdateCheck = 0730;
				LastUpgradeCheck = 1020;
				ORGANIZATIONNAME = "Victor Poupet";
				TargetAttributes = {
					FA054BB31B53F9730001CB38 = {
						CreatedOnToolsVersion = 6.4;
						LastSwiftMigration = 0820;
					};
					FA054BC81B53F9740001CB38 = {
						CreatedOnToolsVersion = 6.4;
						LastSwiftMigration = 0820;
						TestTargetID = FA054BB31B53F9730001CB38;
					};
				};
			};
			buildConfigurationList = FA054BAF1B53F9730001CB38 /* Build configuration list for PBXProject "Quizz" */;
			compatibilityVersion = "Xcode 3.2";
			developmentRegion = en;
			hasScannedForEncodings = 0;
			knownRegions = (
				en,
				Base,
			);
			mainGroup = FA054BAB1B53F9730001CB38;
			productRefGroup = FA054BB51B53F9730001CB38 /* Products */;
			projectDirPath = "";
			projectRoot = "";
			targets = (
				FA054BB31B53F9730001CB38 /* Quizz */,
				FA054BC81B53F9740001CB38 /* QuizzTests */,
			);
		};
/* End PBXProject section */

/* Begin PBXResourcesBuildPhase section */
		FA054BB21B53F9730001CB38 /* Resources */ = {
			isa = PBXResourcesBuildPhase;
			buildActionMask = 2147483647;
			files = (
				FA52FEF51B55465900A1DA00 /* QuizzViewController.xib in Resources */,
				FA054BC41B53F9730001CB38 /* LaunchScreen.xib in Resources */,
				FA054BC11B53F9730001CB38 /* Images.xcassets in Resources */,
			);
			runOnlyForDeploymentPostprocessing = 0;
		};
		FA054BC71B53F9740001CB38 /* Resources */ = {
			isa = PBXResourcesBuildPhase;
			buildActionMask = 2147483647;
			files = (
			);
			runOnlyForDeploymentPostprocessing = 0;
		};
/* End PBXResourcesBuildPhase section */

/* Begin PBXSourcesBuildPhase section */
		FA054BB01B53F9730001CB38 /* Sources */ = {
			isa = PBXSourcesBuildPhase;
			buildActionMask = 2147483647;
			files = (
				FA054BBC1B53F9730001CB38 /* QuizzViewController.swift in Sources */,
				FA054BBA1B53F9730001CB38 /* AppDelegate.swift in Sources */,
			);
			runOnlyForDeploymentPostprocessing = 0;
		};
		FA054BC51B53F9740001CB38 /* Sources */ = {
			isa = PBXSourcesBuildPhase;
			buildActionMask = 2147483647;
			files = (
				FA054BD01B53F9740001CB38 /* QuizzTests.swift in Sources */,
			);
			runOnlyForDeploymentPostprocessing = 0;
		};
/* End PBXSourcesBuildPhase section */

/* Begin PBXTargetDependency section */
		FA054BCB1B53F9740001CB38 /* PBXTargetDependency */ = {
			isa = PBXTargetDependency;
			target = FA054BB31B53F9730001CB38 /* Quizz */;
			targetProxy = FA054BCA1B53F9740001CB38 /* PBXContainerItemProxy */;
		};
/* End PBXTargetDependency section */

/* Begin PBXVariantGroup section */
		FA054BC21B53F9730001CB38 /* LaunchScreen.xib */ = {
			isa = PBXVariantGroup;
			children = (
				FA054BC31B53F9730001CB38 /* Base */,
			);
			name = LaunchScreen.xib;
			sourceTree = "<group>";
		};
/* End PBXVariantGroup section */

/* Begin XCBuildConfiguration section */
		FA054BD11B53F9740001CB38 /* Debug */ = {
			isa = XCBuildConfiguration;
			buildSettings = {
				ALWAYS_SEARCH_USER_PATHS = NO;
				CLANG_CXX_LANGUAGE_STANDARD = "gnu++0x";
				CLANG_CXX_LIBRARY = "libc++";
				CLANG_ENABLE_MODULES = YES;
				CLANG_ENABLE_OBJC_ARC = YES;
				CLANG_WARN_BLOCK_CAPTURE_AUTORELEASING = YES;
				CLANG_WARN_BOOL_CONVERSION = YES;
				CLANG_WARN_COMMA = YES;
				CLANG_WARN_CONSTANT_CONVERSION = YES;
				CLANG_WARN_DEPRECATED_OBJC_IMPLEMENTATIONS = YES;
				CLANG_WARN_DIRECT_OBJC_ISA_USAGE = YES_ERROR;
				CLANG_WARN_EMPTY_BODY = YES;
				CLANG_WARN_ENUM_CONVERSION = YES;
				CLANG_WARN_INFINITE_RECURSION = YES;
				CLANG_WARN_INT_CONVERSION = YES;
				CLANG_WARN_NON_LITERAL_NULL_CONVERSION = YES;
				CLANG_WARN_OBJC_IMPLICIT_RETAIN_SELF = YES;
				CLANG_WARN_OBJC_LITERAL_CONVERSION = YES;
				CLANG_WARN_OBJC_ROOT_CLASS = YES_ERROR;
				CLANG_WARN_RANGE_LOOP_ANALYSIS = YES;
				CLANG_WARN_STRICT_PROTOTYPES = YES;
				CLANG_WARN_SUSPICIOUS_MOVE = YES;
				CLANG_WARN_UNREACHABLE_CODE = YES;
				CLANG_WARN__DUPLICATE_METHOD_MATCH = YES;
				"CODE_SIGN_IDENTITY[sdk=iphoneos*]" = "iPhone Developer";
				COPY_PHASE_STRIP = NO;
				DEBUG_INFORMATION_FORMAT = "dwarf-with-dsym";
				ENABLE_STRICT_OBJC_MSGSEND = YES;
				ENABLE_TESTABILITY = YES;
				GCC_C_LANGUAGE_STANDARD = gnu99;
				GCC_DYNAMIC_NO_PIC = NO;
				GCC_NO_COMMON_BLOCKS = YES;
				GCC_OPTIMIZATION_LEVEL = 0;
				GCC_PREPROCESSOR_DEFINITIONS = (
					"DEBUG=1",
					"$(inherited)",
				);
				GCC_SYMBOLS_PRIVATE_EXTERN = NO;
				GCC_WARN_64_TO_32_BIT_CONVERSION = YES;
				GCC_WARN_ABOUT_RETURN_TYPE = YES_ERROR;
				GCC_WARN_UNDECLARED_SELECTOR = YES;
				GCC_WARN_UNINITIALIZED_AUTOS = YES_AGGRESSIVE;
				GCC_WARN_UNUSED_FUNCTION = YES;
				GCC_WARN_UNUSED_VARIABLE = YES;
				IPHONEOS_DEPLOYMENT_TARGET = 8.4;
				MTL_ENABLE_DEBUG_INFO = YES;
				ONLY_ACTIVE_ARCH = YES;
				SDKROOT = iphoneos;
				SWIFT_OPTIMIZATION_LEVEL = "-Onone";
				TARGETED_DEVICE_FAMILY = "1,2";
			};
			name = Debug;
		};
		FA054BD21B53F9740001CB38 /* Release */ = {
			isa = XCBuildConfiguration;
			buildSettings = {
				ALWAYS_SEARCH_USER_PATHS = NO;
				CLANG_CXX_LANGUAGE_STANDARD = "gnu++0x";
				CLANG_CXX_LIBRARY = "libc++";
				CLANG_ENABLE_MODULES = YES;
				CLANG_ENABLE_OBJC_ARC = YES;
				CLANG_WARN_BLOCK_CAPTURE_AUTORELEASING = YES;
				CLANG_WARN_BOOL_CONVERSION = YES;
				CLANG_WARN_COMMA = YES;
				CLANG_WARN_CONSTANT_CONVERSION = YES;
				CLANG_WARN_DEPRECATED_OBJC_IMPLEMENTATIONS = YES;
				CLANG_WARN_DIRECT_OBJC_ISA_USAGE = YES_ERROR;
				CLANG_WARN_EMPTY_BODY = YES;
				CLANG_WARN_ENUM_CONVERSION = YES;
				CLANG_WARN_INFINITE_RECURSION = YES;
				CLANG_WARN_INT_CONVERSION = YES;
				CLANG_WARN_NON_LITERAL_NULL_CONVERSION = YES;
				CLANG_WARN_OBJC_IMPLICIT_RETAIN_SELF = YES;
				CLANG_WARN_OBJC_LITERAL_CONVERSION = YES;
				CLANG_WARN_OBJC_ROOT_CLASS = YES_ERROR;
				CLANG_WARN_RANGE_LOOP_ANALYSIS = YES;
				CLANG_WARN_STRICT_PROTOTYPES = YES;
				CLANG_WARN_SUSPICIOUS_MOVE = YES;
				CLANG_WARN_UNREACHABLE_CODE = YES;
				CLANG_WARN__DUPLICATE_METHOD_MATCH = YES;
				"CODE_SIGN_IDENTITY[sdk=iphoneos*]" = "iPhone Developer";
				COPY_PHASE_STRIP = NO;
				DEBUG_INFORMATION_FORMAT = "dwarf-with-dsym";
				ENABLE_NS_ASSERTIONS = NO;
				ENABLE_STRICT_OBJC_MSGSEND = YES;
				GCC_C_LANGUAGE_STANDARD = gnu99;
				GCC_NO_COMMON_BLOCKS = YES;
				GCC_WARN_64_TO_32_BIT_CONVERSION = YES;
				GCC_WARN_ABOUT_RETURN_TYPE = YES_ERROR;
				GCC_WARN_UNDECLARED_SELECTOR = YES;
				GCC_WARN_UNINITIALIZED_AUTOS = YES_AGGRESSIVE;
				GCC_WARN_UNUSED_FUNCTION = YES;
				GCC_WARN_UNUSED_VARIABLE = YES;
				IPHONEOS_DEPLOYMENT_TARGET = 8.4;
				MTL_ENABLE_DEBUG_INFO = NO;
				SDKROOT = iphoneos;
				SWIFT_COMPILATION_MODE = wholemodule;
				TARGETED_DEVICE_FAMILY = "1,2";
				VALIDATE_PRODUCT = YES;
			};
			name = Release;
		};
		FA054BD41B53F9740001CB38 /* Debug */ = {
			isa = XCBuildConfiguration;
			buildSettings = {
				ASSETCATALOG_COMPILER_APPICON_NAME = AppIcon;
				INFOPLIST_FILE = Quizz/Info.plist;
				LD_RUNPATH_SEARCH_PATHS = "$(inherited) @executable_path/Frameworks";
				PRODUCT_BUNDLE_IDENTIFIER = "Monkey-Business.$(PRODUCT_NAME:rfc1034identifier)";
				PRODUCT_NAME = "$(TARGET_NAME)";
				SWIFT_VERSION = 5.0;
			};
			name = Debug;
		};
		FA054BD51B53F9740001CB38 /* Release */ = {
			isa = XCBuildConfiguration;
			buildSettings = {
				ASSETCATALOG_COMPILER_APPICON_NAME = AppIcon;
				INFOPLIST_FILE = Quizz/Info.plist;
				LD_RUNPATH_SEARCH_PATHS = "$(inherited) @executable_path/Frameworks";
				PRODUCT_BUNDLE_IDENTIFIER = "Monkey-Business.$(PRODUCT_NAME:rfc1034identifier)";
				PRODUCT_NAME = "$(TARGET_NAME)";
				SWIFT_VERSION = 5.0;
			};
			name = Release;
		};
		FA054BD71B53F9740001CB38 /* Debug */ = {
			isa = XCBuildConfiguration;
			buildSettings = {
				BUNDLE_LOADER = "$(TEST_HOST)";
				FRAMEWORK_SEARCH_PATHS = (
					"$(SDKROOT)/Developer/Library/Frameworks",
					"$(inherited)",
				);
				GCC_PREPROCESSOR_DEFINITIONS = (
					"DEBUG=1",
					"$(inherited)",
				);
				INFOPLIST_FILE = QuizzTests/Info.plist;
				LD_RUNPATH_SEARCH_PATHS = "$(inherited) @executable_path/Frameworks @loader_path/Frameworks";
				PRODUCT_BUNDLE_IDENTIFIER = "Monkey-Business.$(PRODUCT_NAME:rfc1034identifier)";
				PRODUCT_NAME = "$(TARGET_NAME)";
				SWIFT_VERSION = 5.0;
				TEST_HOST = "$(BUILT_PRODUCTS_DIR)/Quizz.app/Quizz";
			};
			name = Debug;
		};
		FA054BD81B53F9740001CB38 /* Release */ = {
			isa = XCBuildConfiguration;
			buildSettings = {
				BUNDLE_LOADER = "$(TEST_HOST)";
				FRAMEWORK_SEARCH_PATHS = (
					"$(SDKROOT)/Developer/Library/Frameworks",
					"$(inherited)",
				);
				INFOPLIST_FILE = QuizzTests/Info.plist;
				LD_RUNPATH_SEARCH_PATHS = "$(inherited) @executable_path/Frameworks @loader_path/Frameworks";
				PRODUCT_BUNDLE_IDENTIFIER = "Monkey-Business.$(PRODUCT_NAME:rfc1034identifier)";
				PRODUCT_NAME = "$(TARGET_NAME)";
				SWIFT_VERSION = 5.0;
				TEST_HOST = "$(BUILT_PRODUCTS_DIR)/Quizz.app/Quizz";
			};
			name = Release;
		};
/* End XCBuildConfiguration section */

/* Begin XCConfigurationList section */
		FA054BAF1B53F9730001CB38 /* Build configuration list for PBXProject "Quizz" */ = {
			isa = XCConfigurationList;
			buildConfigurations = (
				FA054BD11B53F9740001CB38 /* Debug */,
				FA054BD21B53F9740001CB38 /* Release */,
			);
			defaultConfigurationIsVisible = 0;
			defaultConfigurationName = Release;
		};
		FA054BD31B53F9740001CB38 /* Build configuration list for PBXNativeTarget "Quizz" */ = {
			isa = XCConfigurationList;
			buildConfigurations = (
				FA054BD41B53F9740001CB38 /* Debug */,
				FA054BD51B53F9740001CB38 /* Release */,
			);
			defaultConfigurationIsVisible = 0;
			defaultConfigurationName = Release;
		};
		FA054BD61B53F9740001CB38 /* Build configuration list for PBXNativeTarget "QuizzTests" */ = {
			isa = XCConfigurationList;
			buildConfigurations = (
				FA054BD71B53F9740001CB38 /* Debug */,
				FA054BD81B53F9740001CB38 /* Release */,
			);
			defaultConfigurationIsVisible = 0;
			defaultConfigurationName = Release;
		};
/* End XCConfigurationList section */
	};
	rootObject = FA054BAC1B53F9730001CB38 /* Project object */;
}
